
Microsoft Visual Studio Solution File, Format Version 12.00
# Visual Studio Version 17
VisualStudioVersion = 17.2.32519.379
MinimumVisualStudioVersion = 10.0.40219.1
Project("{FAE04EC0-301F-11D3-BF4B-00C04F79EFBC}") = "01.AriBilgi.Blog.Shared", "01.AriBilgi.Blog.Shared\01.AriBilgi.Blog.Shared.csproj", "{960AE136-F459-45C4-87CD-3D369BF03F47}"
EndProject
Project("{FAE04EC0-301F-11D3-BF4B-00C04F79EFBC}") = "02.AriBilgi.Blog.Model", "02.AriBilgi.Blog.Model\02.AriBilgi.Blog.Model.csproj", "{88F0D32F-2310-4790-ADDD-23562111F6DA}"
EndProject
Project("{FAE04EC0-301F-11D3-BF4B-00C04F79EFBC}") = "03.AriBilgi.Blog.Data", "03.AriBilgi.Blog.Data\03.AriBilgi.Blog.Data.csproj", "{DD5C3AF4-DC86-443B-AD2C-F205174B395A}"
EndProject
Project("{FAE04EC0-301F-11D3-BF4B-00C04F79EFBC}") = "04.AriBilgi.Blog.Service", "04.AriBilgi.Blog.Service\04.AriBilgi.Blog.Service.csproj", "{77FE7F4E-9437-459B-8ED8-1DC26352C6D8}"
EndProject
Project("{FAE04EC0-301F-11D3-BF4B-00C04F79EFBC}") = "05.AriBilgi.Blog.Web", "05.AriBilgi.Blog.Web\05.AriBilgi.Blog.Web.csproj", "{1A70A757-9181-4B4D-AD3E-6DCBA9A8366D}"
EndProject
Project("{FAE04EC0-301F-11D3-BF4B-00C04F79EFBC}") = "025.AriBilgi.Blog.Entities", "025.AriBilgi.Blog.Entities\025.AriBilgi.Blog.Entities.csproj", "{CE0EF079-352D-4FB3-B66F-75E0461CAA5A}"
EndProject
Global
	GlobalSection(SolutionConfigurationPlatforms) = preSolution
		Debug|Any CPU = Debug|Any CPU
		Release|Any CPU = Release|Any CPU
	EndGlobalSection
	GlobalSection(ProjectConfigurationPlatforms) = postSolution
		{960AE136-F459-45C4-87CD-3D369BF03F47}.Debug|Any CPU.ActiveCfg = Debug|Any CPU
		{960AE136-F459-45C4-87CD-3D369BF03F47}.Debug|Any CPU.Build.0 = Debug|Any CPU
		{960AE136-F459-45C4-87CD-3D369BF03F47}.Release|Any CPU.ActiveCfg = Release|Any CPU
		{960AE136-F459-45C4-87CD-3D369BF03F47}.Release|Any CPU.Build.0 = Release|Any CPU
		{88F0D32F-2310-4790-ADDD-23562111F6DA}.Debug|Any CPU.ActiveCfg = Debug|Any CPU
		{88F0D32F-2310-4790-ADDD-23562111F6DA}.Debug|Any CPU.Build.0 = Debug|Any CPU
		{88F0D32F-2310-4790-ADDD-23562111F6DA}.Release|Any CPU.ActiveCfg = Release|Any CPU
		{88F0D32F-2310-4790-ADDD-23562111F6DA}.Release|Any CPU.Build.0 = Release|Any CPU
		{DD5C3AF4-DC86-443B-AD2C-F205174B395A}.Debug|Any CPU.ActiveCfg = Debug|Any CPU
		{DD5C3AF4-DC86-443B-AD2C-F205174B395A}.Debug|Any CPU.Build.0 = Debug|Any CPU
		{DD5C3AF4-DC86-443B-AD2C-F205174B395A}.Release|Any CPU.ActiveCfg = Release|Any CPU
		{DD5C3AF4-DC86-443B-AD2C-F205174B395A}.Release|Any CPU.Build.0 = Release|Any CPU
		{77FE7F4E-9437-459B-8ED8-1DC26352C6D8}.Debug|Any CPU.ActiveCfg = Debug|Any CPU
		{77FE7F4E-9437-459B-8ED8-1DC26352C6D8}.Debug|Any CPU.Build.0 = Debug|Any CPU
		{77FE7F4E-9437-459B-8ED8-1DC26352C6D8}.Release|Any CPU.ActiveCfg = Release|Any CPU
		{77FE7F4E-9437-459B-8ED8-1DC26352C6D8}.Release|Any CPU.Build.0 = Release|Any CPU
		{1A70A757-9181-4B4D-AD3E-6DCBA9A8366D}.Debug|Any CPU.ActiveCfg = Debug|Any CPU
		{1A70A757-9181-4B4D-AD3E-6DCBA9A8366D}.Debug|Any CPU.Build.0 = Debug|Any CPU
		{1A70A757-9181-4B4D-AD3E-6DCBA9A8366D}.Release|Any CPU.ActiveCfg = Release|Any CPU
		{1A70A757-9181-4B4D-AD3E-6DCBA9A8366D}.Release|Any CPU.Build.0 = Release|Any CPU
		{CE0EF079-352D-4FB3-B66F-75E0461CAA5A}.Debug|Any CPU.ActiveCfg = Debug|Any CPU
		{CE0EF079-352D-4FB3-B66F-75E0461CAA5A}.Debug|Any CPU.Build.0 = Debug|Any CPU
		{CE0EF079-352D-4FB3-B66F-75E0461CAA5A}.Release|Any CPU.ActiveCfg = Release|Any CPU
		{CE0EF079-352D-4FB3-B66F-75E0461CAA5A}.Release|Any CPU.Build.0 = Release|Any CPU
	EndGlobalSection
	GlobalSection(SolutionProperties) = preSolution
		HideSolutionNode = FALSE
	EndGlobalSection
	GlobalSection(ExtensibilityGlobals) = postSolution
		SolutionGuid = {759AE67E-0051-41FB-B4F9-67D68B33F03E}
	EndGlobalSection
EndGlobal
